// !$*UTF8*$!
{
	archiveVersion = 1;
	classes = {
	};
	objectVersion = 46;
	objects = {

/* Begin PBXBuildFile section */
		5521E74B15066843007CB44E /* SplashViewController.m in Sources */ = {isa = PBXBuildFile; fileRef = 5521E74A15066843007CB44E /* SplashViewController.m */; };
		55258EB2150100EA000B44F6 /* iToast.m in Sources */ = {isa = PBXBuildFile; fileRef = 55258EB1150100EA000B44F6 /* iToast.m */; };
		55258EB5150113B6000B44F6 /* MainWebView.m in Sources */ = {isa = PBXBuildFile; fileRef = 55258EB4150113B6000B44F6 /* MainWebView.m */; };
		5530A23C1534AE4100F704F4 /* SDURLCache.m in Sources */ = {isa = PBXBuildFile; fileRef = 5530A23B1534AE4100F704F4 /* SDURLCache.m */; };
		5536755D14F403AA00A51174 /* ic_splash_hor.png in Resources */ = {isa = PBXBuildFile; fileRef = 5536755814F403AA00A51174 /* ic_splash_hor.png */; };
		5536755E14F403AA00A51174 /* ic_splash_ver.png in Resources */ = {isa = PBXBuildFile; fileRef = 5536755914F403AA00A51174 /* ic_splash_ver.png */; };
		5540547915176FB4000E3EBC /* SystemConfiguration.framework in Frameworks */ = {isa = PBXBuildFile; fileRef = 5540547815176FB4000E3EBC /* SystemConfiguration.framework */; };
		55483F521523304B002020B7 /* Default-Landscape~ipad.png in Resources */ = {isa = PBXBuildFile; fileRef = 55483F4E1523304B002020B7 /* Default-Landscape~ipad.png */; };
		55483F531523304B002020B7 /* Default-Portrait~ipad.png in Resources */ = {isa = PBXBuildFile; fileRef = 55483F4F1523304B002020B7 /* Default-Portrait~ipad.png */; };
		55483F61152342B6002020B7 /* Default.png in Resources */ = {isa = PBXBuildFile; fileRef = 55483F5F152342B6002020B7 /* Default.png */; };
		55483F62152342B6002020B7 /* Default@2x.png in Resources */ = {isa = PBXBuildFile; fileRef = 55483F60152342B6002020B7 /* Default@2x.png */; };
		5574A0CA151CA8EE00D98DCD /* Icon-72.png in Resources */ = {isa = PBXBuildFile; fileRef = 5574A0C8151CA8EE00D98DCD /* Icon-72.png */; };
		5574A0CB151CA8EE00D98DCD /* Icon.png in Resources */ = {isa = PBXBuildFile; fileRef = 5574A0C9151CA8EE00D98DCD /* Icon.png */; };
		5594BD04151CD54C003DCE5B /* libGoogleAnalytics.a in Frameworks */ = {isa = PBXBuildFile; fileRef = 5594BD03151CD54C003DCE5B /* libGoogleAnalytics.a */; };
		5594BD06151CD5C0003DCE5B /* CFNetwork.framework in Frameworks */ = {isa = PBXBuildFile; fileRef = 5594BD05151CD5C0003DCE5B /* CFNetwork.framework */; };
		5594BD08151CD5EE003DCE5B /* libsqlite3.0.dylib in Frameworks */ = {isa = PBXBuildFile; fileRef = 5594BD07151CD5EE003DCE5B /* libsqlite3.0.dylib */; };
		55B8209E151B124700DC660A /* FilteredWebCache.m in Sources */ = {isa = PBXBuildFile; fileRef = 55B8209D151B124700DC660A /* FilteredWebCache.m */; };
		55C4F7D314F3A1CD00EAD510 /* UIKit.framework in Frameworks */ = {isa = PBXBuildFile; fileRef = 55C4F7D214F3A1CD00EAD510 /* UIKit.framework */; };
		55C4F7D514F3A1CD00EAD510 /* Foundation.framework in Frameworks */ = {isa = PBXBuildFile; fileRef = 55C4F7D414F3A1CD00EAD510 /* Foundation.framework */; };
		55C4F7D714F3A1CD00EAD510 /* CoreGraphics.framework in Frameworks */ = {isa = PBXBuildFile; fileRef = 55C4F7D614F3A1CD00EAD510 /* CoreGraphics.framework */; };
		55C4F7DD14F3A1CD00EAD510 /* InfoPlist.strings in Resources */ = {isa = PBXBuildFile; fileRef = 55C4F7DB14F3A1CD00EAD510 /* InfoPlist.strings */; };
		55C4F7DF14F3A1CD00EAD510 /* main.m in Sources */ = {isa = PBXBuildFile; fileRef = 55C4F7DE14F3A1CD00EAD510 /* main.m */; };
		55C4F7E314F3A1CD00EAD510 /* AppDelegate.m in Sources */ = {isa = PBXBuildFile; fileRef = 55C4F7E214F3A1CD00EAD510 /* AppDelegate.m */; };
		55C4F7E614F3A1CD00EAD510 /* MainStoryboard_iPhone.storyboard in Resources */ = {isa = PBXBuildFile; fileRef = 55C4F7E414F3A1CD00EAD510 /* MainStoryboard_iPhone.storyboard */; };
		55C4F7E914F3A1CD00EAD510 /* MainStoryboard_iPad.storyboard in Resources */ = {isa = PBXBuildFile; fileRef = 55C4F7E714F3A1CD00EAD510 /* MainStoryboard_iPad.storyboard */; };
		55C4F7EC14F3A1CD00EAD510 /* WebViewController.m in Sources */ = {isa = PBXBuildFile; fileRef = 55C4F7EB14F3A1CD00EAD510 /* WebViewController.m */; };
		55C4F7F414F3A1CD00EAD510 /* SenTestingKit.framework in Frameworks */ = {isa = PBXBuildFile; fileRef = 55C4F7F314F3A1CD00EAD510 /* SenTestingKit.framework */; };
		55C4F7F514F3A1CD00EAD510 /* UIKit.framework in Frameworks */ = {isa = PBXBuildFile; fileRef = 55C4F7D214F3A1CD00EAD510 /* UIKit.framework */; };
		55C4F7F614F3A1CD00EAD510 /* Foundation.framework in Frameworks */ = {isa = PBXBuildFile; fileRef = 55C4F7D414F3A1CD00EAD510 /* Foundation.framework */; };
		55C4F7FE14F3A1CE00EAD510 /* InfoPlist.strings in Resources */ = {isa = PBXBuildFile; fileRef = 55C4F7FC14F3A1CE00EAD510 /* InfoPlist.strings */; };
		55C4F80114F3A1CE00EAD510 /* KingsAndEmperorsOfRussiaTests.m in Sources */ = {isa = PBXBuildFile; fileRef = 55C4F80014F3A1CE00EAD510 /* KingsAndEmperorsOfRussiaTests.m */; };
		55EEB3A215175CD70043016F /* background.png in Resources */ = {isa = PBXBuildFile; fileRef = 55EEB39F15175CD70043016F /* background.png */; };
		55EEB3A315175CD70043016F /* no_connection.html in Resources */ = {isa = PBXBuildFile; fileRef = 55EEB3A015175CD70043016F /* no_connection.html */; };
		55EEB3A415175CD70043016F /* no_content.html in Resources */ = {isa = PBXBuildFile; fileRef = 55EEB3A115175CD70043016F /* no_content.html */; };
		55FE16C31523256000D2E1BA /* Icon-72@2x.png in Resources */ = {isa = PBXBuildFile; fileRef = 55FE16B91523256000D2E1BA /* Icon-72@2x.png */; };
		55FE16C41523256000D2E1BA /* Icon-Small-50.png in Resources */ = {isa = PBXBuildFile; fileRef = 55FE16BA1523256000D2E1BA /* Icon-Small-50.png */; };
		55FE16C51523256000D2E1BA /* Icon-Small-50@2x.png in Resources */ = {isa = PBXBuildFile; fileRef = 55FE16BB1523256000D2E1BA /* Icon-Small-50@2x.png */; };
		55FE16C61523256000D2E1BA /* Icon-Small.png in Resources */ = {isa = PBXBuildFile; fileRef = 55FE16BC1523256000D2E1BA /* Icon-Small.png */; };
		55FE16C71523256000D2E1BA /* Icon-Small@2x.png in Resources */ = {isa = PBXBuildFile; fileRef = 55FE16BD1523256000D2E1BA /* Icon-Small@2x.png */; };
		55FE16C81523256000D2E1BA /* Icon2x.png in Resources */ = {isa = PBXBuildFile; fileRef = 55FE16BE1523256000D2E1BA /* Icon2x.png */; };
/* End PBXBuildFile section */

/* Begin PBXContainerItemProxy section */
		55C4F7F714F3A1CE00EAD510 /* PBXContainerItemProxy */ = {
			isa = PBXContainerItemProxy;
			containerPortal = 55C4F7C514F3A1CD00EAD510 /* Project object */;
			proxyType = 1;
			remoteGlobalIDString = 55C4F7CD14F3A1CD00EAD510;
			remoteInfo = KingsAndEmperorsOfRussia;
		};
/* End PBXContainerItemProxy section */

/* Begin PBXFileReference section */
		5521E74915066843007CB44E /* SplashViewController.h */ = {isa = PBXFileReference; fileEncoding = 4; lastKnownFileType = sourcecode.c.h; path = SplashViewController.h; sourceTree = "<group>"; };
		5521E74A15066843007CB44E /* SplashViewController.m */ = {isa = PBXFileReference; fileEncoding = 4; lastKnownFileType = sourcecode.c.objc; path = SplashViewController.m; sourceTree = "<group>"; };
		55258EB0150100EA000B44F6 /* iToast.h */ = {isa = PBXFileReference; fileEncoding = 4; lastKnownFileType = sourcecode.c.h; path = iToast.h; sourceTree = "<group>"; };
		55258EB1150100EA000B44F6 /* iToast.m */ = {isa = PBXFileReference; fileEncoding = 4; lastKnownFileType = sourcecode.c.objc; path = iToast.m; sourceTree = "<group>"; };
		55258EB4150113B6000B44F6 /* MainWebView.m */ = {isa = PBXFileReference; fileEncoding = 4; lastKnownFileType = sourcecode.c.objc; path = MainWebView.m; sourceTree = "<group>"; };
		55258ED215011D30000B44F6 /* MainWebView.h */ = {isa = PBXFileReference; fileEncoding = 4; lastKnownFileType = sourcecode.c.h; path = MainWebView.h; sourceTree = "<group>"; };
		5530A23A1534AE4100F704F4 /* SDURLCache.h */ = {isa = PBXFileReference; fileEncoding = 4; lastKnownFileType = sourcecode.c.h; path = SDURLCache.h; sourceTree = "<group>"; };
		5530A23B1534AE4100F704F4 /* SDURLCache.m */ = {isa = PBXFileReference; fileEncoding = 4; lastKnownFileType = sourcecode.c.objc; path = SDURLCache.m; sourceTree = "<group>"; };
		5536755814F403AA00A51174 /* ic_splash_hor.png */ = {isa = PBXFileReference; lastKnownFileType = image.png; path = ic_splash_hor.png; sourceTree = "<group>"; };
		5536755914F403AA00A51174 /* ic_splash_ver.png */ = {isa = PBXFileReference; lastKnownFileType = image.png; path = ic_splash_ver.png; sourceTree = "<group>"; };
		5540547815176FB4000E3EBC /* SystemConfiguration.framework */ = {isa = PBXFileReference; lastKnownFileType = wrapper.framework; name = SystemConfiguration.framework; path = System/Library/Frameworks/SystemConfiguration.framework; sourceTree = SDKROOT; };
		55483F4E1523304B002020B7 /* Default-Landscape~ipad.png */ = {isa = PBXFileReference; lastKnownFileType = image.png; path = "Default-Landscape~ipad.png"; sourceTree = "<group>"; };
		55483F4F1523304B002020B7 /* Default-Portrait~ipad.png */ = {isa = PBXFileReference; lastKnownFileType = image.png; path = "Default-Portrait~ipad.png"; sourceTree = "<group>"; };
		55483F5F152342B6002020B7 /* Default.png */ = {isa = PBXFileReference; lastKnownFileType = image.png; path = Default.png; sourceTree = "<group>"; };
		55483F60152342B6002020B7 /* Default@2x.png */ = {isa = PBXFileReference; lastKnownFileType = image.png; path = "Default@2x.png"; sourceTree = "<group>"; };
		5574A0C8151CA8EE00D98DCD /* Icon-72.png */ = {isa = PBXFileReference; lastKnownFileType = image.png; path = "Icon-72.png"; sourceTree = "<group>"; };
		5574A0C9151CA8EE00D98DCD /* Icon.png */ = {isa = PBXFileReference; lastKnownFileType = image.png; path = Icon.png; sourceTree = "<group>"; };
		5594BD00151CD52E003DCE5B /* GANTracker.h */ = {isa = PBXFileReference; fileEncoding = 4; lastKnownFileType = sourcecode.c.h; path = GANTracker.h; sourceTree = "<group>"; };
		5594BD03151CD54C003DCE5B /* libGoogleAnalytics.a */ = {isa = PBXFileReference; lastKnownFileType = archive.ar; path = libGoogleAnalytics.a; sourceTree = "<group>"; };
		5594BD05151CD5C0003DCE5B /* CFNetwork.framework */ = {isa = PBXFileReference; lastKnownFileType = wrapper.framework; name = CFNetwork.framework; path = System/Library/Frameworks/CFNetwork.framework; sourceTree = SDKROOT; };
		5594BD07151CD5EE003DCE5B /* libsqlite3.0.dylib */ = {isa = PBXFileReference; lastKnownFileType = "compiled.mach-o.dylib"; name = libsqlite3.0.dylib; path = usr/lib/libsqlite3.0.dylib; sourceTree = SDKROOT; };
		55B8209C151B124700DC660A /* FilteredWebCache.h */ = {isa = PBXFileReference; fileEncoding = 4; lastKnownFileType = sourcecode.c.h; path = FilteredWebCache.h; sourceTree = "<group>"; };
		55B8209D151B124700DC660A /* FilteredWebCache.m */ = {isa = PBXFileReference; fileEncoding = 4; lastKnownFileType = sourcecode.c.objc; path = FilteredWebCache.m; sourceTree = "<group>"; };
		55C4F7CE14F3A1CD00EAD510 /* KingsAndEmperorsOfRussia.app */ = {isa = PBXFileReference; explicitFileType = wrapper.application; includeInIndex = 0; path = KingsAndEmperorsOfRussia.app; sourceTree = BUILT_PRODUCTS_DIR; };
		55C4F7D214F3A1CD00EAD510 /* UIKit.framework */ = {isa = PBXFileReference; lastKnownFileType = wrapper.framework; name = UIKit.framework; path = System/Library/Frameworks/UIKit.framework; sourceTree = SDKROOT; };
		55C4F7D414F3A1CD00EAD510 /* Foundation.framework */ = {isa = PBXFileReference; lastKnownFileType = wrapper.framework; name = Foundation.framework; path = System/Library/Frameworks/Foundation.framework; sourceTree = SDKROOT; };
		55C4F7D614F3A1CD00EAD510 /* CoreGraphics.framework */ = {isa = PBXFileReference; lastKnownFileType = wrapper.framework; name = CoreGraphics.framework; path = System/Library/Frameworks/CoreGraphics.framework; sourceTree = SDKROOT; };
		55C4F7DA14F3A1CD00EAD510 /* KingsAndEmperorsOfRussia-Info.plist */ = {isa = PBXFileReference; lastKnownFileType = text.plist.xml; path = "KingsAndEmperorsOfRussia-Info.plist"; sourceTree = "<group>"; };
		55C4F7DC14F3A1CD00EAD510 /* en */ = {isa = PBXFileReference; fileEncoding = 10; lastKnownFileType = text.plist.strings; name = en; path = en.lproj/InfoPlist.strings; sourceTree = "<group>"; };
		55C4F7DE14F3A1CD00EAD510 /* main.m */ = {isa = PBXFileReference; lastKnownFileType = sourcecode.c.objc; path = main.m; sourceTree = "<group>"; };
		55C4F7E014F3A1CD00EAD510 /* KingsAndEmperorsOfRussia-Prefix.pch */ = {isa = PBXFileReference; lastKnownFileType = sourcecode.c.h; path = "KingsAndEmperorsOfRussia-Prefix.pch"; sourceTree = "<group>"; };
		55C4F7E114F3A1CD00EAD510 /* AppDelegate.h */ = {isa = PBXFileReference; lastKnownFileType = sourcecode.c.h; path = AppDelegate.h; sourceTree = "<group>"; };
		55C4F7E214F3A1CD00EAD510 /* AppDelegate.m */ = {isa = PBXFileReference; lastKnownFileType = sourcecode.c.objc; path = AppDelegate.m; sourceTree = "<group>"; };
		55C4F7E514F3A1CD00EAD510 /* en */ = {isa = PBXFileReference; lastKnownFileType = file.storyboard; name = en; path = en.lproj/MainStoryboard_iPhone.storyboard; sourceTree = "<group>"; };
		55C4F7E814F3A1CD00EAD510 /* en */ = {isa = PBXFileReference; lastKnownFileType = file.storyboard; name = en; path = en.lproj/MainStoryboard_iPad.storyboard; sourceTree = "<group>"; };
		55C4F7EA14F3A1CD00EAD510 /* WebViewController.h */ = {isa = PBXFileReference; lastKnownFileType = sourcecode.c.h; path = WebViewController.h; sourceTree = "<group>"; };
		55C4F7EB14F3A1CD00EAD510 /* WebViewController.m */ = {isa = PBXFileReference; lastKnownFileType = sourcecode.c.objc; path = WebViewController.m; sourceTree = "<group>"; };
		55C4F7F214F3A1CD00EAD510 /* KingsAndEmperorsOfRussiaTests.octest */ = {isa = PBXFileReference; explicitFileType = wrapper.cfbundle; includeInIndex = 0; path = KingsAndEmperorsOfRussiaTests.octest; sourceTree = BUILT_PRODUCTS_DIR; };
		55C4F7F314F3A1CD00EAD510 /* SenTestingKit.framework */ = {isa = PBXFileReference; lastKnownFileType = wrapper.framework; name = SenTestingKit.framework; path = Library/Frameworks/SenTestingKit.framework; sourceTree = DEVELOPER_DIR; };
		55C4F7FB14F3A1CE00EAD510 /* KingsAndEmperorsOfRussiaTests-Info.plist */ = {isa = PBXFileReference; lastKnownFileType = text.plist.xml; path = "KingsAndEmperorsOfRussiaTests-Info.plist"; sourceTree = "<group>"; };
		55C4F7FD14F3A1CE00EAD510 /* en */ = {isa = PBXFileReference; lastKnownFileType = text.plist.strings; name = en; path = en.lproj/InfoPlist.strings; sourceTree = "<group>"; };
		55C4F7FF14F3A1CE00EAD510 /* KingsAndEmperorsOfRussiaTests.h */ = {isa = PBXFileReference; lastKnownFileType = sourcecode.c.h; path = KingsAndEmperorsOfRussiaTests.h; sourceTree = "<group>"; };
		55C4F80014F3A1CE00EAD510 /* KingsAndEmperorsOfRussiaTests.m */ = {isa = PBXFileReference; lastKnownFileType = sourcecode.c.objc; path = KingsAndEmperorsOfRussiaTests.m; sourceTree = "<group>"; };
		55E13B5B15050D57009F7C92 /* ru */ = {isa = PBXFileReference; lastKnownFileType = file.storyboard; name = ru; path = ru.lproj/MainStoryboard_iPhone.storyboard; sourceTree = "<group>"; };
		55E13B5C15050D57009F7C92 /* ru */ = {isa = PBXFileReference; fileEncoding = 10; lastKnownFileType = text.plist.strings; name = ru; path = ru.lproj/InfoPlist.strings; sourceTree = "<group>"; };
		55E13B5D15050D57009F7C92 /* ru */ = {isa = PBXFileReference; lastKnownFileType = file.storyboard; name = ru; path = ru.lproj/MainStoryboard_iPad.storyboard; sourceTree = "<group>"; };
		55E13B5F15050D57009F7C92 /* ru */ = {isa = PBXFileReference; lastKnownFileType = text.plist.strings; name = ru; path = ru.lproj/InfoPlist.strings; sourceTree = "<group>"; };
		55E13B69150518D8009F7C92 /* Debug.h */ = {isa = PBXFileReference; fileEncoding = 4; lastKnownFileType = sourcecode.c.h; path = Debug.h; sourceTree = "<group>"; };
		55EEB39F15175CD70043016F /* background.png */ = {isa = PBXFileReference; lastKnownFileType = image.png; path = background.png; sourceTree = "<group>"; };
		55EEB3A015175CD70043016F /* no_connection.html */ = {isa = PBXFileReference; fileEncoding = 4; lastKnownFileType = text.html; path = no_connection.html; sourceTree = "<group>"; };
		55EEB3A115175CD70043016F /* no_content.html */ = {isa = PBXFileReference; fileEncoding = 4; lastKnownFileType = text.html; path = no_content.html; sourceTree = "<group>"; };
		55FE16B91523256000D2E1BA /* Icon-72@2x.png */ = {isa = PBXFileReference; lastKnownFileType = image.png; path = "Icon-72@2x.png"; sourceTree = "<group>"; };
		55FE16BA1523256000D2E1BA /* Icon-Small-50.png */ = {isa = PBXFileReference; lastKnownFileType = image.png; path = "Icon-Small-50.png"; sourceTree = "<group>"; };
		55FE16BB1523256000D2E1BA /* Icon-Small-50@2x.png */ = {isa = PBXFileReference; lastKnownFileType = image.png; path = "Icon-Small-50@2x.png"; sourceTree = "<group>"; };
		55FE16BC1523256000D2E1BA /* Icon-Small.png */ = {isa = PBXFileReference; lastKnownFileType = image.png; path = "Icon-Small.png"; sourceTree = "<group>"; };
		55FE16BD1523256000D2E1BA /* Icon-Small@2x.png */ = {isa = PBXFileReference; lastKnownFileType = image.png; path = "Icon-Small@2x.png"; sourceTree = "<group>"; };
		55FE16BE1523256000D2E1BA /* Icon2x.png */ = {isa = PBXFileReference; lastKnownFileType = image.png; path = Icon2x.png; sourceTree = "<group>"; };
/* End PBXFileReference section */

/* Begin PBXFrameworksBuildPhase section */
		55C4F7CB14F3A1CD00EAD510 /* Frameworks */ = {
			isa = PBXFrameworksBuildPhase;
			buildActionMask = 2147483647;
			files = (
				5594BD08151CD5EE003DCE5B /* libsqlite3.0.dylib in Frameworks */,
				5594BD06151CD5C0003DCE5B /* CFNetwork.framework in Frameworks */,
				5540547915176FB4000E3EBC /* SystemConfiguration.framework in Frameworks */,
				55C4F7D314F3A1CD00EAD510 /* UIKit.framework in Frameworks */,
				55C4F7D514F3A1CD00EAD510 /* Foundation.framework in Frameworks */,
				55C4F7D714F3A1CD00EAD510 /* CoreGraphics.framework in Frameworks */,
				5594BD04151CD54C003DCE5B /* libGoogleAnalytics.a in Frameworks */,
			);
			runOnlyForDeploymentPostprocessing = 0;
		};
		55C4F7EE14F3A1CD00EAD510 /* Frameworks */ = {
			isa = PBXFrameworksBuildPhase;
			buildActionMask = 2147483647;
			files = (
				55C4F7F414F3A1CD00EAD510 /* SenTestingKit.framework in Frameworks */,
				55C4F7F514F3A1CD00EAD510 /* UIKit.framework in Frameworks */,
				55C4F7F614F3A1CD00EAD510 /* Foundation.framework in Frameworks */,
			);
			runOnlyForDeploymentPostprocessing = 0;
		};
/* End PBXFrameworksBuildPhase section */

/* Begin PBXGroup section */
		5536755414F403AA00A51174 /* Resources */ = {
			isa = PBXGroup;
			children = (
				55483F5F152342B6002020B7 /* Default.png */,
				55483F60152342B6002020B7 /* Default@2x.png */,
				55483F4E1523304B002020B7 /* Default-Landscape~ipad.png */,
				55483F4F1523304B002020B7 /* Default-Portrait~ipad.png */,
				55FE16B91523256000D2E1BA /* Icon-72@2x.png */,
				55FE16BA1523256000D2E1BA /* Icon-Small-50.png */,
				55FE16BB1523256000D2E1BA /* Icon-Small-50@2x.png */,
				55FE16BC1523256000D2E1BA /* Icon-Small.png */,
				55FE16BD1523256000D2E1BA /* Icon-Small@2x.png */,
				55FE16BE1523256000D2E1BA /* Icon2x.png */,
				5574A0C8151CA8EE00D98DCD /* Icon-72.png */,
				5574A0C9151CA8EE00D98DCD /* Icon.png */,
				5536755814F403AA00A51174 /* ic_splash_hor.png */,
				5536755914F403AA00A51174 /* ic_splash_ver.png */,
			);
			path = Resources;
			sourceTree = SOURCE_ROOT;
		};
		5594BD02151CD54C003DCE5B /* Library */ = {
			isa = PBXGroup;
			children = (
				5594BD03151CD54C003DCE5B /* libGoogleAnalytics.a */,
			);
			path = Library;
			sourceTree = SOURCE_ROOT;
		};
		55C4F7C314F3A1CD00EAD510 = {
			isa = PBXGroup;
			children = (
				55C4F7D814F3A1CD00EAD510 /* KingsAndEmperorsOfRussia */,
				55C4F7F914F3A1CE00EAD510 /* KingsAndEmperorsOfRussiaTests */,
				55C4F7D114F3A1CD00EAD510 /* Frameworks */,
				55C4F7CF14F3A1CD00EAD510 /* Products */,
			);
			sourceTree = "<group>";
		};
		55C4F7CF14F3A1CD00EAD510 /* Products */ = {
			isa = PBXGroup;
			children = (
				55C4F7CE14F3A1CD00EAD510 /* KingsAndEmperorsOfRussia.app */,
				55C4F7F214F3A1CD00EAD510 /* KingsAndEmperorsOfRussiaTests.octest */,
			);
			name = Products;
			sourceTree = "<group>";
		};
		55C4F7D114F3A1CD00EAD510 /* Frameworks */ = {
			isa = PBXGroup;
			children = (
				5594BD07151CD5EE003DCE5B /* libsqlite3.0.dylib */,
				5594BD05151CD5C0003DCE5B /* CFNetwork.framework */,
				5540547815176FB4000E3EBC /* SystemConfiguration.framework */,
				55C4F7D214F3A1CD00EAD510 /* UIKit.framework */,
				55C4F7D414F3A1CD00EAD510 /* Foundation.framework */,
				55C4F7D614F3A1CD00EAD510 /* CoreGraphics.framework */,
				55C4F7F314F3A1CD00EAD510 /* SenTestingKit.framework */,
			);
			name = Frameworks;
			sourceTree = "<group>";
		};
		55C4F7D814F3A1CD00EAD510 /* KingsAndEmperorsOfRussia */ = {
			isa = PBXGroup;
			children = (
				5530A23A1534AE4100F704F4 /* SDURLCache.h */,
				5530A23B1534AE4100F704F4 /* SDURLCache.m */,
				5594BD00151CD52E003DCE5B /* GANTracker.h */,
				5521E74915066843007CB44E /* SplashViewController.h */,
				5521E74A15066843007CB44E /* SplashViewController.m */,
				55C4F7E114F3A1CD00EAD510 /* AppDelegate.h */,
				55C4F7E214F3A1CD00EAD510 /* AppDelegate.m */,
				55C4F7EA14F3A1CD00EAD510 /* WebViewController.h */,
				55C4F7EB14F3A1CD00EAD510 /* WebViewController.m */,
				55E13B69150518D8009F7C92 /* Debug.h */,
				55258EB0150100EA000B44F6 /* iToast.h */,
				55258EB1150100EA000B44F6 /* iToast.m */,
				55B8209C151B124700DC660A /* FilteredWebCache.h */,
				55B8209D151B124700DC660A /* FilteredWebCache.m */,
				55258ED215011D30000B44F6 /* MainWebView.h */,
				55258EB4150113B6000B44F6 /* MainWebView.m */,
				55C4F7E414F3A1CD00EAD510 /* MainStoryboard_iPhone.storyboard */,
				55C4F7E714F3A1CD00EAD510 /* MainStoryboard_iPad.storyboard */,
				5594BD02151CD54C003DCE5B /* Library */,
				55EEB39E15175CD70043016F /* Assets */,
				55C4F7D914F3A1CD00EAD510 /* Supporting Files */,
				5536755414F403AA00A51174 /* Resources */,
			);
			path = KingsAndEmperorsOfRussia;
			sourceTree = "<group>";
		};
		55C4F7D914F3A1CD00EAD510 /* Supporting Files */ = {
			isa = PBXGroup;
			children = (
				55C4F7DA14F3A1CD00EAD510 /* KingsAndEmperorsOfRussia-Info.plist */,
				55C4F7DB14F3A1CD00EAD510 /* InfoPlist.strings */,
				55C4F7DE14F3A1CD00EAD510 /* main.m */,
				55C4F7E014F3A1CD00EAD510 /* KingsAndEmperorsOfRussia-Prefix.pch */,
			);
			name = "Supporting Files";
			sourceTree = "<group>";
		};
		55C4F7F914F3A1CE00EAD510 /* KingsAndEmperorsOfRussiaTests */ = {
			isa = PBXGroup;
			children = (
				55C4F7FF14F3A1CE00EAD510 /* KingsAndEmperorsOfRussiaTests.h */,
				55C4F80014F3A1CE00EAD510 /* KingsAndEmperorsOfRussiaTests.m */,
				55C4F7FA14F3A1CE00EAD510 /* Supporting Files */,
			);
			path = KingsAndEmperorsOfRussiaTests;
			sourceTree = "<group>";
		};
		55C4F7FA14F3A1CE00EAD510 /* Supporting Files */ = {
			isa = PBXGroup;
			children = (
				55C4F7FB14F3A1CE00EAD510 /* KingsAndEmperorsOfRussiaTests-Info.plist */,
				55C4F7FC14F3A1CE00EAD510 /* InfoPlist.strings */,
			);
			name = "Supporting Files";
			sourceTree = "<group>";
		};
		55EEB39E15175CD70043016F /* Assets */ = {
			isa = PBXGroup;
			children = (
				55EEB39F15175CD70043016F /* background.png */,
				55EEB3A015175CD70043016F /* no_connection.html */,
				55EEB3A115175CD70043016F /* no_content.html */,
			);
			path = Assets;
			sourceTree = SOURCE_ROOT;
		};
/* End PBXGroup section */

/* Begin PBXNativeTarget section */
		55C4F7CD14F3A1CD00EAD510 /* KingsAndEmperorsOfRussia */ = {
			isa = PBXNativeTarget;
			buildConfigurationList = 55C4F80414F3A1CE00EAD510 /* Build configuration list for PBXNativeTarget "KingsAndEmperorsOfRussia" */;
			buildPhases = (
				55C4F7CA14F3A1CD00EAD510 /* Sources */,
				55C4F7CB14F3A1CD00EAD510 /* Frameworks */,
				55C4F7CC14F3A1CD00EAD510 /* Resources */,
			);
			buildRules = (
			);
			dependencies = (
			);
			name = KingsAndEmperorsOfRussia;
			productName = KingsAndEmperorsOfRussia;
			productReference = 55C4F7CE14F3A1CD00EAD510 /* KingsAndEmperorsOfRussia.app */;
			productType = "com.apple.product-type.application";
		};
		55C4F7F114F3A1CD00EAD510 /* KingsAndEmperorsOfRussiaTests */ = {
			isa = PBXNativeTarget;
			buildConfigurationList = 55C4F80714F3A1CE00EAD510 /* Build configuration list for PBXNativeTarget "KingsAndEmperorsOfRussiaTests" */;
			buildPhases = (
				55C4F7ED14F3A1CD00EAD510 /* Sources */,
				55C4F7EE14F3A1CD00EAD510 /* Frameworks */,
				55C4F7EF14F3A1CD00EAD510 /* Resources */,
				55C4F7F014F3A1CD00EAD510 /* ShellScript */,
			);
			buildRules = (
			);
			dependencies = (
				55C4F7F814F3A1CE00EAD510 /* PBXTargetDependency */,
			);
			name = KingsAndEmperorsOfRussiaTests;
			productName = KingsAndEmperorsOfRussiaTests;
			productReference = 55C4F7F214F3A1CD00EAD510 /* KingsAndEmperorsOfRussiaTests.octest */;
			productType = "com.apple.product-type.bundle";
		};
/* End PBXNativeTarget section */

/* Begin PBXProject section */
		55C4F7C514F3A1CD00EAD510 /* Project object */ = {
			isa = PBXProject;
			attributes = {
				LastUpgradeCheck = 0430;
			};
			buildConfigurationList = 55C4F7C814F3A1CD00EAD510 /* Build configuration list for PBXProject "KingsAndEmperorsOfRussia" */;
			compatibilityVersion = "Xcode 3.2";
			developmentRegion = English;
			hasScannedForEncodings = 0;
			knownRegions = (
				en,
				ru,
			);
			mainGroup = 55C4F7C314F3A1CD00EAD510;
			productRefGroup = 55C4F7CF14F3A1CD00EAD510 /* Products */;
			projectDirPath = "";
			projectRoot = "";
			targets = (
				55C4F7CD14F3A1CD00EAD510 /* KingsAndEmperorsOfRussia */,
				55C4F7F114F3A1CD00EAD510 /* KingsAndEmperorsOfRussiaTests */,
			);
		};
/* End PBXProject section */

/* Begin PBXResourcesBuildPhase section */
		55C4F7CC14F3A1CD00EAD510 /* Resources */ = {
			isa = PBXResourcesBuildPhase;
			buildActionMask = 2147483647;
			files = (
				55C4F7DD14F3A1CD00EAD510 /* InfoPlist.strings in Resources */,
				55C4F7E614F3A1CD00EAD510 /* MainStoryboard_iPhone.storyboard in Resources */,
				55C4F7E914F3A1CD00EAD510 /* MainStoryboard_iPad.storyboard in Resources */,
				5536755D14F403AA00A51174 /* ic_splash_hor.png in Resources */,
				5536755E14F403AA00A51174 /* ic_splash_ver.png in Resources */,
				55EEB3A215175CD70043016F /* background.png in Resources */,
				55EEB3A315175CD70043016F /* no_connection.html in Resources */,
				55EEB3A415175CD70043016F /* no_content.html in Resources */,
				5574A0CA151CA8EE00D98DCD /* Icon-72.png in Resources */,
				5574A0CB151CA8EE00D98DCD /* Icon.png in Resources */,
				55FE16C31523256000D2E1BA /* Icon-72@2x.png in Resources */,
				55FE16C41523256000D2E1BA /* Icon-Small-50.png in Resources */,
				55FE16C51523256000D2E1BA /* Icon-Small-50@2x.png in Resources */,
				55FE16C61523256000D2E1BA /* Icon-Small.png in Resources */,
				55FE16C71523256000D2E1BA /* Icon-Small@2x.png in Resources */,
				55FE16C81523256000D2E1BA /* Icon2x.png in Resources */,
				55483F521523304B002020B7 /* Default-Landscape~ipad.png in Resources */,
				55483F531523304B002020B7 /* Default-Portrait~ipad.png in Resources */,
				55483F61152342B6002020B7 /* Default.png in Resources */,
				55483F62152342B6002020B7 /* Default@2x.png in Resources */,
			);
			runOnlyForDeploymentPostprocessing = 0;
		};
		55C4F7EF14F3A1CD00EAD510 /* Resources */ = {
			isa = PBXResourcesBuildPhase;
			buildActionMask = 2147483647;
			files = (
				55C4F7FE14F3A1CE00EAD510 /* InfoPlist.strings in Resources */,
			);
			runOnlyForDeploymentPostprocessing = 0;
		};
/* End PBXResourcesBuildPhase section */

/* Begin PBXShellScriptBuildPhase section */
		55C4F7F014F3A1CD00EAD510 /* ShellScript */ = {
			isa = PBXShellScriptBuildPhase;
			buildActionMask = 2147483647;
			files = (
			);
			inputPaths = (
			);
			outputPaths = (
			);
			runOnlyForDeploymentPostprocessing = 0;
			shellPath = /bin/sh;
			shellScript = "# Run the unit tests in this test bundle.\n\"${SYSTEM_DEVELOPER_DIR}/Tools/RunUnitTests\"\n";
		};
/* End PBXShellScriptBuildPhase section */

/* Begin PBXSourcesBuildPhase section */
		55C4F7CA14F3A1CD00EAD510 /* Sources */ = {
			isa = PBXSourcesBuildPhase;
			buildActionMask = 2147483647;
			files = (
				55C4F7DF14F3A1CD00EAD510 /* main.m in Sources */,
				55C4F7E314F3A1CD00EAD510 /* AppDelegate.m in Sources */,
				55C4F7EC14F3A1CD00EAD510 /* WebViewController.m in Sources */,
				55258EB2150100EA000B44F6 /* iToast.m in Sources */,
				55258EB5150113B6000B44F6 /* MainWebView.m in Sources */,
				5521E74B15066843007CB44E /* SplashViewController.m in Sources */,
				55B8209E151B124700DC660A /* FilteredWebCache.m in Sources */,
				5530A23C1534AE4100F704F4 /* SDURLCache.m in Sources */,
			);
			runOnlyForDeploymentPostprocessing = 0;
		};
		55C4F7ED14F3A1CD00EAD510 /* Sources */ = {
			isa = PBXSourcesBuildPhase;
			buildActionMask = 2147483647;
			files = (
				55C4F80114F3A1CE00EAD510 /* KingsAndEmperorsOfRussiaTests.m in Sources */,
			);
			runOnlyForDeploymentPostprocessing = 0;
		};
/* End PBXSourcesBuildPhase section */

/* Begin PBXTargetDependency section */
		55C4F7F814F3A1CE00EAD510 /* PBXTargetDependency */ = {
			isa = PBXTargetDependency;
			target = 55C4F7CD14F3A1CD00EAD510 /* KingsAndEmperorsOfRussia */;
			targetProxy = 55C4F7F714F3A1CE00EAD510 /* PBXContainerItemProxy */;
		};
/* End PBXTargetDependency section */

/* Begin PBXVariantGroup section */
		55C4F7DB14F3A1CD00EAD510 /* InfoPlist.strings */ = {
			isa = PBXVariantGroup;
			children = (
				55C4F7DC14F3A1CD00EAD510 /* en */,
				55E13B5C15050D57009F7C92 /* ru */,
			);
			name = InfoPlist.strings;
			sourceTree = "<group>";
		};
		55C4F7E414F3A1CD00EAD510 /* MainStoryboard_iPhone.storyboard */ = {
			isa = PBXVariantGroup;
			children = (
				55C4F7E514F3A1CD00EAD510 /* en */,
				55E13B5B15050D57009F7C92 /* ru */,
			);
			name = MainStoryboard_iPhone.storyboard;
			sourceTree = "<group>";
		};
		55C4F7E714F3A1CD00EAD510 /* MainStoryboard_iPad.storyboard */ = {
			isa = PBXVariantGroup;
			children = (
				55C4F7E814F3A1CD00EAD510 /* en */,
				55E13B5D15050D57009F7C92 /* ru */,
			);
			name = MainStoryboard_iPad.storyboard;
			sourceTree = "<group>";
		};
		55C4F7FC14F3A1CE00EAD510 /* InfoPlist.strings */ = {
			isa = PBXVariantGroup;
			children = (
				55C4F7FD14F3A1CE00EAD510 /* en */,
				55E13B5F15050D57009F7C92 /* ru */,
			);
			name = InfoPlist.strings;
			sourceTree = "<group>";
		};
/* End PBXVariantGroup section */

/* Begin XCBuildConfiguration section */
		55483F6715234945002020B7 /* Release Ad Hoc */ = {
			isa = XCBuildConfiguration;
			buildSettings = {
				ALWAYS_SEARCH_USER_PATHS = NO;
				ARCHS = "$(ARCHS_STANDARD_32_BIT)";
				CLANG_ENABLE_OBJC_ARC = YES;
				CODE_SIGN_IDENTITY = "iPhone Distribution: Andrey Pilipenko";
				"CODE_SIGN_IDENTITY[sdk=iphoneos*]" = "iPhone Distribution: Andrey Pilipenko";
				COPY_PHASE_STRIP = YES;
				GCC_C_LANGUAGE_STANDARD = gnu99;
				GCC_VERSION = com.apple.compilers.llvm.clang.1_0;
				GCC_WARN_ABOUT_MISSING_PROTOTYPES = YES;
				GCC_WARN_ABOUT_RETURN_TYPE = YES;
				GCC_WARN_UNUSED_VARIABLE = YES;
				IPHONEOS_DEPLOYMENT_TARGET = 5.0;
				OTHER_CFLAGS = "-DNS_BLOCK_ASSERTIONS=1";
				PROVISIONING_PROFILE = "67566E0F-B5F9-4BAD-9455-510C62DACACF";
				"PROVISIONING_PROFILE[sdk=iphoneos*]" = "67566E0F-B5F9-4BAD-9455-510C62DACACF";
				SDKROOT = iphoneos;
				TARGETED_DEVICE_FAMILY = "1,2";
				VALIDATE_PRODUCT = YES;
			};
			name = "Release Ad Hoc";
		};
		55483F6815234945002020B7 /* Release Ad Hoc */ = {
			isa = XCBuildConfiguration;
			buildSettings = {
				CODE_SIGN_IDENTITY = "iPhone Distribution: Andrey Pilipenko";
				"CODE_SIGN_IDENTITY[sdk=iphoneos*]" = "iPhone Distribution: Andrey Pilipenko";
				GCC_PRECOMPILE_PREFIX_HEADER = YES;
				GCC_PREFIX_HEADER = "KingsAndEmperorsOfRussia/KingsAndEmperorsOfRussia-Prefix.pch";
				INFOPLIST_FILE = "KingsAndEmperorsOfRussia/KingsAndEmperorsOfRussia-Info.plist";
				IPHONEOS_DEPLOYMENT_TARGET = 5.0;
				LIBRARY_SEARCH_PATHS = (
					"$(inherited)",
					"\"$(SRCROOT)/Library\"",
				);
				PRODUCT_NAME = "$(TARGET_NAME)";
				PROVISIONING_PROFILE = "67566E0F-B5F9-4BAD-9455-510C62DACACF";
				"PROVISIONING_PROFILE[sdk=iphoneos*]" = "67566E0F-B5F9-4BAD-9455-510C62DACACF";
				TARGETED_DEVICE_FAMILY = "1,2";
				WRAPPER_EXTENSION = app;
			};
			name = "Release Ad Hoc";
		};
		55483F6915234945002020B7 /* Release Ad Hoc */ = {
			isa = XCBuildConfiguration;
			buildSettings = {
				BUNDLE_LOADER = "$(BUILT_PRODUCTS_DIR)/KingsAndEmperorsOfRussia.app/KingsAndEmperorsOfRussia";
				CODE_SIGN_IDENTITY = "iPhone Developer";
				"CODE_SIGN_IDENTITY[sdk=iphoneos*]" = "iPhone Developer";
				FRAMEWORK_SEARCH_PATHS = (
					"$(SDKROOT)/Developer/Library/Frameworks",
					"$(DEVELOPER_LIBRARY_DIR)/Frameworks",
				);
				GCC_PRECOMPILE_PREFIX_HEADER = YES;
				GCC_PREFIX_HEADER = "KingsAndEmperorsOfRussia/KingsAndEmperorsOfRussia-Prefix.pch";
				INFOPLIST_FILE = "KingsAndEmperorsOfRussiaTests/KingsAndEmperorsOfRussiaTests-Info.plist";
				PRODUCT_NAME = "$(TARGET_NAME)";
				PROVISIONING_PROFILE = "";
				"PROVISIONING_PROFILE[sdk=iphoneos*]" = "";
				TEST_HOST = "$(BUNDLE_LOADER)";
				WRAPPER_EXTENSION = octest;
			};
			name = "Release Ad Hoc";
		};
		55483F6B15235057002020B7 /* Release App Store */ = {
			isa = XCBuildConfiguration;
			buildSettings = {
				ALWAYS_SEARCH_USER_PATHS = NO;
				ARCHS = "$(ARCHS_STANDARD_32_BIT)";
				CLANG_ENABLE_OBJC_ARC = YES;
				CODE_SIGN_IDENTITY = "iPhone Distribution: Andrey Pilipenko";
				"CODE_SIGN_IDENTITY[sdk=iphoneos*]" = "iPhone Distribution: Andrey Pilipenko";
				COPY_PHASE_STRIP = YES;
				GCC_C_LANGUAGE_STANDARD = gnu99;
				GCC_VERSION = com.apple.compilers.llvm.clang.1_0;
				GCC_WARN_ABOUT_MISSING_PROTOTYPES = YES;
				GCC_WARN_ABOUT_RETURN_TYPE = YES;
				GCC_WARN_UNUSED_VARIABLE = YES;
				IPHONEOS_DEPLOYMENT_TARGET = 5.0;
				OTHER_CFLAGS = "-DNS_BLOCK_ASSERTIONS=1";
				PROVISIONING_PROFILE = "BA6DB8B2-41BF-4DD7-B752-46DD94AA6BD0";
				"PROVISIONING_PROFILE[sdk=iphoneos*]" = "BA6DB8B2-41BF-4DD7-B752-46DD94AA6BD0";
				SDKROOT = iphoneos;
				TARGETED_DEVICE_FAMILY = "1,2";
				VALIDATE_PRODUCT = YES;
			};
			name = "Release App Store";
		};
		55483F6C15235057002020B7 /* Release App Store */ = {
			isa = XCBuildConfiguration;
			buildSettings = {
				CODE_SIGN_IDENTITY = "iPhone Developer";
				"CODE_SIGN_IDENTITY[sdk=iphoneos*]" = "iPhone Developer";
				GCC_PRECOMPILE_PREFIX_HEADER = YES;
				GCC_PREFIX_HEADER = "KingsAndEmperorsOfRussia/KingsAndEmperorsOfRussia-Prefix.pch";
				INFOPLIST_FILE = "KingsAndEmperorsOfRussia/KingsAndEmperorsOfRussia-Info.plist";
				IPHONEOS_DEPLOYMENT_TARGET = 5.0;
				LIBRARY_SEARCH_PATHS = (
					"$(inherited)",
					"\"$(SRCROOT)/Library\"",
				);
				PRODUCT_NAME = "$(TARGET_NAME)";
				PROVISIONING_PROFILE = "";
				"PROVISIONING_PROFILE[sdk=iphoneos*]" = "";
				TARGETED_DEVICE_FAMILY = "1,2";
				WRAPPER_EXTENSION = app;
			};
			name = "Release App Store";
		};
		55483F6D15235057002020B7 /* Release App Store */ = {
			isa = XCBuildConfiguration;
			buildSettings = {
				BUNDLE_LOADER = "$(BUILT_PRODUCTS_DIR)/KingsAndEmperorsOfRussia.app/KingsAndEmperorsOfRussia";
				CODE_SIGN_IDENTITY = "iPhone Developer";
				"CODE_SIGN_IDENTITY[sdk=iphoneos*]" = "iPhone Developer";
				FRAMEWORK_SEARCH_PATHS = (
					"$(SDKROOT)/Developer/Library/Frameworks",
					"$(DEVELOPER_LIBRARY_DIR)/Frameworks",
				);
				GCC_PRECOMPILE_PREFIX_HEADER = YES;
				GCC_PREFIX_HEADER = "KingsAndEmperorsOfRussia/KingsAndEmperorsOfRussia-Prefix.pch";
				INFOPLIST_FILE = "KingsAndEmperorsOfRussiaTests/KingsAndEmperorsOfRussiaTests-Info.plist";
				PRODUCT_NAME = "$(TARGET_NAME)";
				PROVISIONING_PROFILE = "";
				"PROVISIONING_PROFILE[sdk=iphoneos*]" = "";
				TEST_HOST = "$(BUNDLE_LOADER)";
				WRAPPER_EXTENSION = octest;
			};
			name = "Release App Store";
		};
		55C4F80214F3A1CE00EAD510 /* Debug */ = {
			isa = XCBuildConfiguration;
			buildSettings = {
				ALWAYS_SEARCH_USER_PATHS = NO;
				ARCHS = "$(ARCHS_STANDARD_32_BIT)";
				CLANG_ENABLE_OBJC_ARC = YES;
				CODE_SIGN_IDENTITY = "iPhone Developer";
				"CODE_SIGN_IDENTITY[sdk=*]" = "iPhone Developer";
				"CODE_SIGN_IDENTITY[sdk=iphoneos*]" = "iPhone Developer";
				COPY_PHASE_STRIP = NO;
				GCC_C_LANGUAGE_STANDARD = gnu99;
				GCC_DYNAMIC_NO_PIC = NO;
				GCC_OPTIMIZATION_LEVEL = 0;
				GCC_PREPROCESSOR_DEFINITIONS = (
					"DEBUG=1",
					"$(inherited)",
				);
				GCC_SYMBOLS_PRIVATE_EXTERN = NO;
				GCC_VERSION = com.apple.compilers.llvm.clang.1_0;
				GCC_WARN_ABOUT_MISSING_PROTOTYPES = YES;
				GCC_WARN_ABOUT_RETURN_TYPE = YES;
				GCC_WARN_UNUSED_VARIABLE = YES;
				IPHONEOS_DEPLOYMENT_TARGET = 5.0;
				PROVISIONING_PROFILE = "";
				"PROVISIONING_PROFILE[sdk=*]" = "";
				SDKROOT = iphoneos;
				TARGETED_DEVICE_FAMILY = "1,2";
				VALIDATE_PRODUCT = YES;
			};
			name = Debug;
		};
		55C4F80314F3A1CE00EAD510 /* Release */ = {
			isa = XCBuildConfiguration;
			buildSettings = {
				ALWAYS_SEARCH_USER_PATHS = NO;
				ARCHS = "$(ARCHS_STANDARD_32_BIT)";
				CLANG_ENABLE_OBJC_ARC = YES;
				CODE_SIGN_IDENTITY = "iPhone Developer";
				"CODE_SIGN_IDENTITY[sdk=iphoneos*]" = "iPhone Developer";
				COPY_PHASE_STRIP = YES;
				GCC_C_LANGUAGE_STANDARD = gnu99;
				GCC_VERSION = com.apple.compilers.llvm.clang.1_0;
				GCC_WARN_ABOUT_MISSING_PROTOTYPES = YES;
				GCC_WARN_ABOUT_RETURN_TYPE = YES;
				GCC_WARN_UNUSED_VARIABLE = YES;
				IPHONEOS_DEPLOYMENT_TARGET = 5.0;
				OTHER_CFLAGS = "-DNS_BLOCK_ASSERTIONS=1";
				PROVISIONING_PROFILE = "";
				SDKROOT = iphoneos;
				TARGETED_DEVICE_FAMILY = "1,2";
				VALIDATE_PRODUCT = YES;
			};
			name = Release;
		};
		55C4F80514F3A1CE00EAD510 /* Debug */ = {
			isa = XCBuildConfiguration;
			buildSettings = {
				CODE_SIGN_IDENTITY = "iPhone Developer";
				"CODE_SIGN_IDENTITY[sdk=*]" = "iPhone Developer";
				"CODE_SIGN_IDENTITY[sdk=iphoneos*]" = "iPhone Developer";
				GCC_PRECOMPILE_PREFIX_HEADER = YES;
				GCC_PREFIX_HEADER = "KingsAndEmperorsOfRussia/KingsAndEmperorsOfRussia-Prefix.pch";
				INFOPLIST_FILE = "KingsAndEmperorsOfRussia/KingsAndEmperorsOfRussia-Info.plist";
				IPHONEOS_DEPLOYMENT_TARGET = 5.0;
				LIBRARY_SEARCH_PATHS = (
					"$(inherited)",
					"\"$(SRCROOT)/Library\"",
				);
				PRODUCT_NAME = "$(TARGET_NAME)";
				PROVISIONING_PROFILE = "";
				"PROVISIONING_PROFILE[sdk=*]" = "";
				"PROVISIONING_PROFILE[sdk=iphoneos*]" = "";
				TARGETED_DEVICE_FAMILY = "1,2";
				WRAPPER_EXTENSION = app;
			};
			name = Debug;
		};
		55C4F80614F3A1CE00EAD510 /* Release */ = {
			isa = XCBuildConfiguration;
			buildSettings = {
				CODE_SIGN_IDENTITY = "iPhone Developer";
				"CODE_SIGN_IDENTITY[sdk=iphoneos*]" = "iPhone Developer";
				GCC_PRECOMPILE_PREFIX_HEADER = YES;
				GCC_PREFIX_HEADER = "KingsAndEmperorsOfRussia/KingsAndEmperorsOfRussia-Prefix.pch";
				INFOPLIST_FILE = "KingsAndEmperorsOfRussia/KingsAndEmperorsOfRussia-Info.plist";
				IPHONEOS_DEPLOYMENT_TARGET = 5.0;
				LIBRARY_SEARCH_PATHS = (
					"$(inherited)",
					"\"$(SRCROOT)/Library\"",
				);
				PRODUCT_NAME = "$(TARGET_NAME)";
				PROVISIONING_PROFILE = "";
				"PROVISIONING_PROFILE[sdk=iphoneos*]" = "";
				TARGETED_DEVICE_FAMILY = "1,2";
				WRAPPER_EXTENSION = app;
			};
			name = Release;
		};
		55C4F80814F3A1CE00EAD510 /* Debug */ = {
			isa = XCBuildConfiguration;
			buildSettings = {
				BUNDLE_LOADER = "$(BUILT_PRODUCTS_DIR)/KingsAndEmperorsOfRussia.app/KingsAndEmperorsOfRussia";
				CODE_SIGN_IDENTITY = "iPhone Developer";
				"CODE_SIGN_IDENTITY[sdk=*]" = "iPhone Developer";
				"CODE_SIGN_IDENTITY[sdk=iphoneos*]" = "iPhone Developer";
				FRAMEWORK_SEARCH_PATHS = (
					"$(SDKROOT)/Developer/Library/Frameworks",
					"$(DEVELOPER_LIBRARY_DIR)/Frameworks",
				);
				GCC_PRECOMPILE_PREFIX_HEADER = YES;
				GCC_PREFIX_HEADER = "KingsAndEmperorsOfRussia/KingsAndEmperorsOfRussia-Prefix.pch";
				INFOPLIST_FILE = "KingsAndEmperorsOfRussiaTests/KingsAndEmperorsOfRussiaTests-Info.plist";
				PRODUCT_NAME = "$(TARGET_NAME)";
				PROVISIONING_PROFILE = "";
				"PROVISIONING_PROFILE[sdk=*]" = "";
				"PROVISIONING_PROFILE[sdk=iphoneos*]" = "";
				TEST_HOST = "$(BUNDLE_LOADER)";
				WRAPPER_EXTENSION = octest;
			};
			name = Debug;
		};
		55C4F80914F3A1CE00EAD510 /* Release */ = {
			isa = XCBuildConfiguration;
			buildSettings = {
				BUNDLE_LOADER = "$(BUILT_PRODUCTS_DIR)/KingsAndEmperorsOfRussia.app/KingsAndEmperorsOfRussia";
				CODE_SIGN_IDENTITY = "iPhone Developer";
				"CODE_SIGN_IDENTITY[sdk=iphoneos*]" = "iPhone Developer";
				FRAMEWORK_SEARCH_PATHS = (
					"$(SDKROOT)/Developer/Library/Frameworks",
					"$(DEVELOPER_LIBRARY_DIR)/Frameworks",
				);
				GCC_PRECOMPILE_PREFIX_HEADER = YES;
				GCC_PREFIX_HEADER = "KingsAndEmperorsOfRussia/KingsAndEmperorsOfRussia-Prefix.pch";
				INFOPLIST_FILE = "KingsAndEmperorsOfRussiaTests/KingsAndEmperorsOfRussiaTests-Info.plist";
				PRODUCT_NAME = "$(TARGET_NAME)";
				PROVISIONING_PROFILE = "";
				"PROVISIONING_PROFILE[sdk=iphoneos*]" = "";
				TEST_HOST = "$(BUNDLE_LOADER)";
				WRAPPER_EXTENSION = octest;
			};
			name = Release;
		};
/* End XCBuildConfiguration section */

/* Begin XCConfigurationList section */
		55C4F7C814F3A1CD00EAD510 /* Build configuration list for PBXProject "KingsAndEmperorsOfRussia" */ = {
			isa = XCConfigurationList;
			buildConfigurations = (
				55C4F80214F3A1CE00EAD510 /* Debug */,
				55C4F80314F3A1CE00EAD510 /* Release */,
				55483F6B15235057002020B7 /* Release App Store */,
				55483F6715234945002020B7 /* Release Ad Hoc */,
			);
			defaultConfigurationIsVisible = 0;
			defaultConfigurationName = "Release Ad Hoc";
		};
		55C4F80414F3A1CE00EAD510 /* Build configuration list for PBXNativeTarget "KingsAndEmperorsOfRussia" */ = {
			isa = XCConfigurationList;
			buildConfigurations = (
				55C4F80514F3A1CE00EAD510 /* Debug */,
				55C4F80614F3A1CE00EAD510 /* Release */,
				55483F6C15235057002020B7 /* Release App Store */,
				55483F6815234945002020B7 /* Release Ad Hoc */,
			);
			defaultConfigurationIsVisible = 0;
			defaultConfigurationName = "Release Ad Hoc";
		};
		55C4F80714F3A1CE00EAD510 /* Build configuration list for PBXNativeTarget "KingsAndEmperorsOfRussiaTests" */ = {
			isa = XCConfigurationList;
			buildConfigurations = (
				55C4F80814F3A1CE00EAD510 /* Debug */,
				55C4F80914F3A1CE00EAD510 /* Release */,
				55483F6D15235057002020B7 /* Release App Store */,
				55483F6915234945002020B7 /* Release Ad Hoc */,
			);
			defaultConfigurationIsVisible = 0;
			defaultConfigurationName = "Release Ad Hoc";
		};
/* End XCConfigurationList section */
	};
	rootObject = 55C4F7C514F3A1CD00EAD510 /* Project object */;
}
